PODS:
  - Apollo (0.21.0):
    - Apollo/Core (= 0.21.0)
  - Apollo/Core (0.21.0)
  - KeychainAccess (4.1.0)
  - Nuke (8.4.0)
  - OAuthSwift (2.1.0)
  - Parchment (1.7.0)
  - TinyConstraints (4.0.1)
  - Wormholy (1.5.1)

DEPENDENCIES:
  - Apollo
  - KeychainAccess
  - Nuke
  - OAuthSwift
  - Parchment
  - TinyConstraints
  - Wormholy

SPEC REPOS:
  trunk:
    - Apollo
    - KeychainAccess
    - Nuke
    - OAuthSwift
    - Parchment
    - TinyConstraints
    - Wormholy

SPEC CHECKSUMS:
  Apollo: 56a0aa81b744bf2810a8277e705f155c91ac9055
  KeychainAccess: 445e28864fe6d3458b41fa211bcdc39890e8bd5a
  Nuke: fa6f784c4f7e1c0f9313668510186c68b7af2509
  OAuthSwift: ab1675598273e04355e0282459c328e65c9ddacd
  Parchment: cae686f73685d16742cec9c19239b7578a15f0f5
  TinyConstraints: 8dd91295e56797648c7bc335dd20e1d91ec4c192
  Wormholy: f01b096b449a9fcab864a10f7e5b5693b1225c88

PODFILE CHECKSUM: abd6a8cf141d02dbc54f25deaa9f40d57eae3cb4

COCOAPODS: 1.8.4
