// !$*UTF8*$!
{
	archiveVersion = 1;
	classes = {
	};
	objectVersion = 50;
	objects = {

/* Begin PBXBuildFile section */
		377C213B237C06800046D4E8 /* AppDelegate.swift in Sources */ = {isa = PBXBuildFile; fileRef = 377C213A237C06800046D4E8 /* AppDelegate.swift */; };
		377C213D237C06800046D4E8 /* SceneDelegate.swift in Sources */ = {isa = PBXBuildFile; fileRef = 377C213C237C06800046D4E8 /* SceneDelegate.swift */; };
		377C213F237C06800046D4E8 /* ContentView.swift in Sources */ = {isa = PBXBuildFile; fileRef = 377C213E237C06800046D4E8 /* ContentView.swift */; };
		377C2141237C06810046D4E8 /* Assets.xcassets in Resources */ = {isa = PBXBuildFile; fileRef = 377C2140237C06810046D4E8 /* Assets.xcassets */; };
		377C2144237C06810046D4E8 /* Preview Assets.xcassets in Resources */ = {isa = PBXBuildFile; fileRef = 377C2143237C06810046D4E8 /* Preview Assets.xcassets */; };
		377C2147237C06810046D4E8 /* LaunchScreen.storyboard in Resources */ = {isa = PBXBuildFile; fileRef = 377C2145237C06810046D4E8 /* LaunchScreen.storyboard */; };
		377C2152237C06810046D4E8 /* GitHubViewerTests.swift in Sources */ = {isa = PBXBuildFile; fileRef = 377C2151237C06810046D4E8 /* GitHubViewerTests.swift */; };
		377C215D237C06810046D4E8 /* GitHubViewerUITests.swift in Sources */ = {isa = PBXBuildFile; fileRef = 377C215C237C06810046D4E8 /* GitHubViewerUITests.swift */; };
/* End PBXBuildFile section */

/* Begin PBXContainerItemProxy section */
		377C214E237C06810046D4E8 /* PBXContainerItemProxy */ = {
			isa = PBXContainerItemProxy;
			containerPortal = 377C212F237C06800046D4E8 /* Project object */;
			proxyType = 1;
			remoteGlobalIDString = 377C2136237C06800046D4E8;
			remoteInfo = GitHubViewer;
		};
		377C2159237C06810046D4E8 /* PBXContainerItemProxy */ = {
			isa = PBXContainerItemProxy;
			containerPortal = 377C212F237C06800046D4E8 /* Project object */;
			proxyType = 1;
			remoteGlobalIDString = 377C2136237C06800046D4E8;
			remoteInfo = GitHubViewer;
		};
/* End PBXContainerItemProxy section */

/* Begin PBXFileReference section */
		377C2137237C06800046D4E8 /* GitHubViewer.app */ = {isa = PBXFileReference; explicitFileType = wrapper.application; includeInIndex = 0; path = GitHubViewer.app; sourceTree = BUILT_PRODUCTS_DIR; };
		377C213A237C06800046D4E8 /* AppDelegate.swift */ = {isa = PBXFileReference; lastKnownFileType = sourcecode.swift; path = AppDelegate.swift; sourceTree = "<group>"; };
		377C213C237C06800046D4E8 /* SceneDelegate.swift */ = {isa = PBXFileReference; lastKnownFileType = sourcecode.swift; path = SceneDelegate.swift; sourceTree = "<group>"; };
		377C213E237C06800046D4E8 /* ContentView.swift */ = {isa = PBXFileReference; lastKnownFileType = sourcecode.swift; path = ContentView.swift; sourceTree = "<group>"; };
		377C2140237C06810046D4E8 /* Assets.xcassets */ = {isa = PBXFileReference; lastKnownFileType = folder.assetcatalog; path = Assets.xcassets; sourceTree = "<group>"; };
		377C2143237C06810046D4E8 /* Preview Assets.xcassets */ = {isa = PBXFileReference; lastKnownFileType = folder.assetcatalog; path = "Preview Assets.xcassets"; sourceTree = "<group>"; };
		377C2146237C06810046D4E8 /* Base */ = {isa = PBXFileReference; lastKnownFileType = file.storyboard; name = Base; path = Base.lproj/LaunchScreen.storyboard; sourceTree = "<group>"; };
		377C2148237C06810046D4E8 /* Info.plist */ = {isa = PBXFileReference; lastKnownFileType = text.plist.xml; path = Info.plist; sourceTree = "<group>"; };
		377C214D237C06810046D4E8 /* GitHubViewerTests.xctest */ = {isa = PBXFileReference; explicitFileType = wrapper.cfbundle; includeInIndex = 0; path = GitHubViewerTests.xctest; sourceTree = BUILT_PRODUCTS_DIR; };
		377C2151237C06810046D4E8 /* GitHubViewerTests.swift */ = {isa = PBXFileReference; lastKnownFileType = sourcecode.swift; path = GitHubViewerTests.swift; sourceTree = "<group>"; };
		377C2153237C06810046D4E8 /* Info.plist */ = {isa = PBXFileReference; lastKnownFileType = text.plist.xml; path = Info.plist; sourceTree = "<group>"; };
		377C2158237C06810046D4E8 /* GitHubViewerUITests.xctest */ = {isa = PBXFileReference; explicitFileType = wrapper.cfbundle; includeInIndex = 0; path = GitHubViewerUITests.xctest; sourceTree = BUILT_PRODUCTS_DIR; };
		377C215C237C06810046D4E8 /* GitHubViewerUITests.swift */ = {isa = PBXFileReference; lastKnownFileType = sourcecode.swift; path = GitHubViewerUITests.swift; sourceTree = "<group>"; };
		377C215E237C06810046D4E8 /* Info.plist */ = {isa = PBXFileReference; lastKnownFileType = text.plist.xml; path = Info.plist; sourceTree = "<group>"; };
/* End PBXFileReference section */

/* Begin PBXFrameworksBuildPhase section */
		377C2134237C06800046D4E8 /* Frameworks */ = {
			isa = PBXFrameworksBuildPhase;
			buildActionMask = 2147483647;
			files = (
			);
			runOnlyForDeploymentPostprocessing = 0;
		};
		377C214A237C06810046D4E8 /* Frameworks */ = {
			isa = PBXFrameworksBuildPhase;
			buildActionMask = 2147483647;
			files = (
			);
			runOnlyForDeploymentPostprocessing = 0;
		};
		377C2155237C06810046D4E8 /* Frameworks */ = {
			isa = PBXFrameworksBuildPhase;
			buildActionMask = 2147483647;
			files = (
			);
			runOnlyForDeploymentPostprocessing = 0;
		};
/* End PBXFrameworksBuildPhase section */

/* Begin PBXGroup section */
		377C212E237C06800046D4E8 = {
			isa = PBXGroup;
			children = (
				377C2139237C06800046D4E8 /* GitHubViewer */,
				377C2150237C06810046D4E8 /* GitHubViewerTests */,
				377C215B237C06810046D4E8 /* GitHubViewerUITests */,
				377C2138237C06800046D4E8 /* Products */,
			);
			sourceTree = "<group>";
		};
		377C2138237C06800046D4E8 /* Products */ = {
			isa = PBXGroup;
			children = (
				377C2137237C06800046D4E8 /* GitHubViewer.app */,
				377C214D237C06810046D4E8 /* GitHubViewerTests.xctest */,
				377C2158237C06810046D4E8 /* GitHubViewerUITests.xctest */,
			);
			name = Products;
			sourceTree = "<group>";
		};
		377C2139237C06800046D4E8 /* GitHubViewer */ = {
			isa = PBXGroup;
			children = (
				377C213A237C06800046D4E8 /* AppDelegate.swift */,
				377C213C237C06800046D4E8 /* SceneDelegate.swift */,
				377C213E237C06800046D4E8 /* ContentView.swift */,
				377C2140237C06810046D4E8 /* Assets.xcassets */,
				377C2145237C06810046D4E8 /* LaunchScreen.storyboard */,
				377C2148237C06810046D4E8 /* Info.plist */,
				377C2142237C06810046D4E8 /* Preview Content */,
			);
			path = GitHubViewer;
			sourceTree = "<group>";
		};
		377C2142237C06810046D4E8 /* Preview Content */ = {
			isa = PBXGroup;
			children = (
				377C2143237C06810046D4E8 /* Preview Assets.xcassets */,
			);
			path = "Preview Content";
			sourceTree = "<group>";
		};
		377C2150237C06810046D4E8 /* GitHubViewerTests */ = {
			isa = PBXGroup;
			children = (
				377C2151237C06810046D4E8 /* GitHubViewerTests.swift */,
				377C2153237C06810046D4E8 /* Info.plist */,
			);
			path = GitHubViewerTests;
			sourceTree = "<group>";
		};
		377C215B237C06810046D4E8 /* GitHubViewerUITests */ = {
			isa = PBXGroup;
			children = (
				377C215C237C06810046D4E8 /* GitHubViewerUITests.swift */,
				377C215E237C06810046D4E8 /* Info.plist */,
			);
			path = GitHubViewerUITests;
			sourceTree = "<group>";
		};
/* End PBXGroup section */

/* Begin PBXNativeTarget section */
		377C2136237C06800046D4E8 /* GitHubViewer */ = {
			isa = PBXNativeTarget;
			buildConfigurationList = 377C2161237C06810046D4E8 /* Build configuration list for PBXNativeTarget "GitHubViewer" */;
			buildPhases = (
				377C2133237C06800046D4E8 /* Sources */,
				377C2134237C06800046D4E8 /* Frameworks */,
				377C2135237C06800046D4E8 /* Resources */,
			);
			buildRules = (
			);
			dependencies = (
			);
			name = GitHubViewer;
			productName = GitHubViewer;
			productReference = 377C2137237C06800046D4E8 /* GitHubViewer.app */;
			productType = "com.apple.product-type.application";
		};
		377C214C237C06810046D4E8 /* GitHubViewerTests */ = {
			isa = PBXNativeTarget;
			buildConfigurationList = 377C2164237C06810046D4E8 /* Build configuration list for PBXNativeTarget "GitHubViewerTests" */;
			buildPhases = (
				377C2149237C06810046D4E8 /* Sources */,
				377C214A237C06810046D4E8 /* Frameworks */,
				377C214B237C06810046D4E8 /* Resources */,
			);
			buildRules = (
			);
			dependencies = (
				377C214F237C06810046D4E8 /* PBXTargetDependency */,
			);
			name = GitHubViewerTests;
			productName = GitHubViewerTests;
			productReference = 377C214D237C06810046D4E8 /* GitHubViewerTests.xctest */;
			productType = "com.apple.product-type.bundle.unit-test";
		};
		377C2157237C06810046D4E8 /* GitHubViewerUITests */ = {
			isa = PBXNativeTarget;
			buildConfigurationList = 377C2167237C06810046D4E8 /* Build configuration list for PBXNativeTarget "GitHubViewerUITests" */;
			buildPhases = (
				377C2154237C06810046D4E8 /* Sources */,
				377C2155237C06810046D4E8 /* Frameworks */,
				377C2156237C06810046D4E8 /* Resources */,
			);
			buildRules = (
			);
			dependencies = (
				377C215A237C06810046D4E8 /* PBXTargetDependency */,
			);
			name = GitHubViewerUITests;
			productName = GitHubViewerUITests;
			productReference = 377C2158237C06810046D4E8 /* GitHubViewerUITests.xctest */;
			productType = "com.apple.product-type.bundle.ui-testing";
		};
/* End PBXNativeTarget section */

/* Begin PBXProject section */
		377C212F237C06800046D4E8 /* Project object */ = {
			isa = PBXProject;
			attributes = {
				LastSwiftUpdateCheck = 1120;
				LastUpgradeCheck = 1120;
				ORGANIZATIONNAME = Ramotion;
				TargetAttributes = {
					377C2136237C06800046D4E8 = {
						CreatedOnToolsVersion = 11.2.1;
					};
					377C214C237C06810046D4E8 = {
						CreatedOnToolsVersion = 11.2.1;
						TestTargetID = 377C2136237C06800046D4E8;
					};
					377C2157237C06810046D4E8 = {
						CreatedOnToolsVersion = 11.2.1;
						TestTargetID = 377C2136237C06800046D4E8;
					};
				};
			};
			buildConfigurationList = 377C2132237C06800046D4E8 /* Build configuration list for PBXProject "GitHubViewer" */;
			compatibilityVersion = "Xcode 9.3";
			developmentRegion = en;
			hasScannedForEncodings = 0;
			knownRegions = (
				en,
				Base,
			);
			mainGroup = 377C212E237C06800046D4E8;
			productRefGroup = 377C2138237C06800046D4E8 /* Products */;
			projectDirPath = "";
			projectRoot = "";
			targets = (
				377C2136237C06800046D4E8 /* GitHubViewer */,
				377C214C237C06810046D4E8 /* GitHubViewerTests */,
				377C2157237C06810046D4E8 /* GitHubViewerUITests */,
			);
		};
/* End PBXProject section */

/* Begin PBXResourcesBuildPhase section */
		377C2135237C06800046D4E8 /* Resources */ = {
			isa = PBXResourcesBuildPhase;
			buildActionMask = 2147483647;
			files = (
				377C2147237C06810046D4E8 /* LaunchScreen.storyboard in Resources */,
				377C2144237C06810046D4E8 /* Preview Assets.xcassets in Resources */,
				377C2141237C06810046D4E8 /* Assets.xcassets in Resources */,
			);
			runOnlyForDeploymentPostprocessing = 0;
		};
		377C214B237C06810046D4E8 /* Resources */ = {
			isa = PBXResourcesBuildPhase;
			buildActionMask = 2147483647;
			files = (
			);
			runOnlyForDeploymentPostprocessing = 0;
		};
		377C2156237C06810046D4E8 /* Resources */ = {
			isa = PBXResourcesBuildPhase;
			buildActionMask = 2147483647;
			files = (
			);
			runOnlyForDeploymentPostprocessing = 0;
		};
/* End PBXResourcesBuildPhase section */

/* Begin PBXSourcesBuildPhase section */
		377C2133237C06800046D4E8 /* Sources */ = {
			isa = PBXSourcesBuildPhase;
			buildActionMask = 2147483647;
			files = (
				377C213B237C06800046D4E8 /* AppDelegate.swift in Sources */,
				377C213D237C06800046D4E8 /* SceneDelegate.swift in Sources */,
				377C213F237C06800046D4E8 /* ContentView.swift in Sources */,
			);
			runOnlyForDeploymentPostprocessing = 0;
		};
		377C2149237C06810046D4E8 /* Sources */ = {
			isa = PBXSourcesBuildPhase;
			buildActionMask = 2147483647;
			files = (
				377C2152237C06810046D4E8 /* GitHubViewerTests.swift in Sources */,
			);
			runOnlyForDeploymentPostprocessing = 0;
		};
		377C2154237C06810046D4E8 /* Sources */ = {
			isa = PBXSourcesBuildPhase;
			buildActionMask = 2147483647;
			files = (
				377C215D237C06810046D4E8 /* GitHubViewerUITests.swift in Sources */,
			);
			runOnlyForDeploymentPostprocessing = 0;
		};
/* End PBXSourcesBuildPhase section */

/* Begin PBXTargetDependency section */
		377C214F237C06810046D4E8 /* PBXTargetDependency */ = {
			isa = PBXTargetDependency;
			target = 377C2136237C06800046D4E8 /* GitHubViewer */;
			targetProxy = 377C214E237C06810046D4E8 /* PBXContainerItemProxy */;
		};
		377C215A237C06810046D4E8 /* PBXTargetDependency */ = {
			isa = PBXTargetDependency;
			target = 377C2136237C06800046D4E8 /* GitHubViewer */;
			targetProxy = 377C2159237C06810046D4E8 /* PBXContainerItemProxy */;
		};
/* End PBXTargetDependency section */

/* Begin PBXVariantGroup section */
		377C2145237C06810046D4E8 /* LaunchScreen.storyboard */ = {
			isa = PBXVariantGroup;
			children = (
				377C2146237C06810046D4E8 /* Base */,
			);
			name = LaunchScreen.storyboard;
			sourceTree = "<group>";
		};
/* End PBXVariantGroup section */

/* Begin XCBuildConfiguration section */
		377C215F237C06810046D4E8 /* Debug */ = {
			isa = XCBuildConfiguration;
			buildSettings = {
				ALWAYS_SEARCH_USER_PATHS = NO;
				CLANG_ANALYZER_NONNULL = YES;
				CLANG_ANALYZER_NUMBER_OBJECT_CONVERSION = YES_AGGRESSIVE;
				CLANG_CXX_LANGUAGE_STANDARD = "gnu++14";
				CLANG_CXX_LIBRARY = "libc++";
				CLANG_ENABLE_MODULES = YES;
				CLANG_ENABLE_OBJC_ARC = YES;
				CLANG_ENABLE_OBJC_WEAK = YES;
				CLANG_WARN_BLOCK_CAPTURE_AUTORELEASING = YES;
				CLANG_WARN_BOOL_CONVERSION = YES;
				CLANG_WARN_COMMA = YES;
				CLANG_WARN_CONSTANT_CONVERSION = YES;
				CLANG_WARN_DEPRECATED_OBJC_IMPLEMENTATIONS = YES;
				CLANG_WARN_DIRECT_OBJC_ISA_USAGE = YES_ERROR;
				CLANG_WARN_DOCUMENTATION_COMMENTS = YES;
				CLANG_WARN_EMPTY_BODY = YES;
				CLANG_WARN_ENUM_CONVERSION = YES;
				CLANG_WARN_INFINITE_RECURSION = YES;
				CLANG_WARN_INT_CONVERSION = YES;
				CLANG_WARN_NON_LITERAL_NULL_CONVERSION = YES;
				CLANG_WARN_OBJC_IMPLICIT_RETAIN_SELF = YES;
				CLANG_WARN_OBJC_LITERAL_CONVERSION = YES;
				CLANG_WARN_OBJC_ROOT_CLASS = YES_ERROR;
				CLANG_WARN_RANGE_LOOP_ANALYSIS = YES;
				CLANG_WARN_STRICT_PROTOTYPES = YES;
				CLANG_WARN_SUSPICIOUS_MOVE = YES;
				CLANG_WARN_UNGUARDED_AVAILABILITY = YES_AGGRESSIVE;
				CLANG_WARN_UNREACHABLE_CODE = YES;
				CLANG_WARN__DUPLICATE_METHOD_MATCH = YES;
				COPY_PHASE_STRIP = NO;
				DEBUG_INFORMATION_FORMAT = dwarf;
				ENABLE_STRICT_OBJC_MSGSEND = YES;
				ENABLE_TESTABILITY = YES;
				GCC_C_LANGUAGE_STANDARD = gnu11;
				GCC_DYNAMIC_NO_PIC = NO;
				GCC_NO_COMMON_BLOCKS = YES;
				GCC_OPTIMIZATION_LEVEL = 0;
				GCC_PREPROCESSOR_DEFINITIONS = (
					"DEBUG=1",
					"$(inherited)",
				);
				GCC_WARN_64_TO_32_BIT_CONVERSION = YES;
				GCC_WARN_ABOUT_RETURN_TYPE = YES_ERROR;
				GCC_WARN_UNDECLARED_SELECTOR = YES;
				GCC_WARN_UNINITIALIZED_AUTOS = YES_AGGRESSIVE;
				GCC_WARN_UNUSED_FUNCTION = YES;
				GCC_WARN_UNUSED_VARIABLE = YES;
				IPHONEOS_DEPLOYMENT_TARGET = 13.2;
				MTL_ENABLE_DEBUG_INFO = INCLUDE_SOURCE;
				MTL_FAST_MATH = YES;
				ONLY_ACTIVE_ARCH = YES;
				SDKROOT = iphoneos;
				SWIFT_ACTIVE_COMPILATION_CONDITIONS = DEBUG;
				SWIFT_OPTIMIZATION_LEVEL = "-Onone";
			};
			name = Debug;
		};
		377C2160237C06810046D4E8 /* Release */ = {
			isa = XCBuildConfiguration;
			buildSettings = {
				ALWAYS_SEARCH_USER_PATHS = NO;
				CLANG_ANALYZER_NONNULL = YES;
				CLANG_ANALYZER_NUMBER_OBJECT_CONVERSION = YES_AGGRESSIVE;
				CLANG_CXX_LANGUAGE_STANDARD = "gnu++14";
				CLANG_CXX_LIBRARY = "libc++";
				CLANG_ENABLE_MODULES = YES;
				CLANG_ENABLE_OBJC_ARC = YES;
				CLANG_ENABLE_OBJC_WEAK = YES;
				CLANG_WARN_BLOCK_CAPTURE_AUTORELEASING = YES;
				CLANG_WARN_BOOL_CONVERSION = YES;
				CLANG_WARN_COMMA = YES;
				CLANG_WARN_CONSTANT_CONVERSION = YES;
				CLANG_WARN_DEPRECATED_OBJC_IMPLEMENTATIONS = YES;
				CLANG_WARN_DIRECT_OBJC_ISA_USAGE = YES_ERROR;
				CLANG_WARN_DOCUMENTATION_COMMENTS = YES;
				CLANG_WARN_EMPTY_BODY = YES;
				CLANG_WARN_ENUM_CONVERSION = YES;
				CLANG_WARN_INFINITE_RECURSION = YES;
				CLANG_WARN_INT_CONVERSION = YES;
				CLANG_WARN_NON_LITERAL_NULL_CONVERSION = YES;
				CLANG_WARN_OBJC_IMPLICIT_RETAIN_SELF = YES;
				CLANG_WARN_OBJC_LITERAL_CONVERSION = YES;
				CLANG_WARN_OBJC_ROOT_CLASS = YES_ERROR;
				CLANG_WARN_RANGE_LOOP_ANALYSIS = YES;
				CLANG_WARN_STRICT_PROTOTYPES = YES;
				CLANG_WARN_SUSPICIOUS_MOVE = YES;
				CLANG_WARN_UNGUARDED_AVAILABILITY = YES_AGGRESSIVE;
				CLANG_WARN_UNREACHABLE_CODE = YES;
				CLANG_WARN__DUPLICATE_METHOD_MATCH = YES;
				COPY_PHASE_STRIP = NO;
				DEBUG_INFORMATION_FORMAT = "dwarf-with-dsym";
				ENABLE_NS_ASSERTIONS = NO;
				ENABLE_STRICT_OBJC_MSGSEND = YES;
				GCC_C_LANGUAGE_STANDARD = gnu11;
				GCC_NO_COMMON_BLOCKS = YES;
				GCC_WARN_64_TO_32_BIT_CONVERSION = YES;
				GCC_WARN_ABOUT_RETURN_TYPE = YES_ERROR;
				GCC_WARN_UNDECLARED_SELECTOR = YES;
				GCC_WARN_UNINITIALIZED_AUTOS = YES_AGGRESSIVE;
				GCC_WARN_UNUSED_FUNCTION = YES;
				GCC_WARN_UNUSED_VARIABLE = YES;
				IPHONEOS_DEPLOYMENT_TARGET = 13.2;
				MTL_ENABLE_DEBUG_INFO = NO;
				MTL_FAST_MATH = YES;
				SDKROOT = iphoneos;
				SWIFT_COMPILATION_MODE = wholemodule;
				SWIFT_OPTIMIZATION_LEVEL = "-O";
				VALIDATE_PRODUCT = YES;
			};
			name = Release;
		};
		377C2162237C06810046D4E8 /* Debug */ = {
			isa = XCBuildConfiguration;
			buildSettings = {
				ASSETCATALOG_COMPILER_APPICON_NAME = AppIcon;
				CODE_SIGN_STYLE = Automatic;
				DEVELOPMENT_ASSET_PATHS = "\"GitHubViewer/Preview Content\"";
				ENABLE_PREVIEWS = YES;
				INFOPLIST_FILE = GitHubViewer/Info.plist;
				LD_RUNPATH_SEARCH_PATHS = (
					"$(inherited)",
					"@executable_path/Frameworks",
				);
				PRODUCT_BUNDLE_IDENTIFIER = Ramotion.GitHubViewer;
				PRODUCT_NAME = "$(TARGET_NAME)";
				SWIFT_VERSION = 5.0;
				TARGETED_DEVICE_FAMILY = "1,2";
			};
			name = Debug;
		};
		377C2163237C06810046D4E8 /* Release */ = {
			isa = XCBuildConfiguration;
			buildSettings = {
				ASSETCATALOG_COMPILER_APPICON_NAME = AppIcon;
				CODE_SIGN_STYLE = Automatic;
				DEVELOPMENT_ASSET_PATHS = "\"GitHubViewer/Preview Content\"";
				ENABLE_PREVIEWS = YES;
				INFOPLIST_FILE = GitHubViewer/Info.plist;
				LD_RUNPATH_SEARCH_PATHS = (
					"$(inherited)",
					"@executable_path/Frameworks",
				);
				PRODUCT_BUNDLE_IDENTIFIER = Ramotion.GitHubViewer;
				PRODUCT_NAME = "$(TARGET_NAME)";
				SWIFT_VERSION = 5.0;
				TARGETED_DEVICE_FAMILY = "1,2";
			};
			name = Release;
		};
		377C2165237C06810046D4E8 /* Debug */ = {
			isa = XCBuildConfiguration;
			buildSettings = {
				ALWAYS_EMBED_SWIFT_STANDARD_LIBRARIES = YES;
				BUNDLE_LOADER = "$(TEST_HOST)";
				CODE_SIGN_STYLE = Automatic;
				INFOPLIST_FILE = GitHubViewerTests/Info.plist;
				IPHONEOS_DEPLOYMENT_TARGET = 13.2;
				LD_RUNPATH_SEARCH_PATHS = (
					"$(inherited)",
					"@executable_path/Frameworks",
					"@loader_path/Frameworks",
				);
				PRODUCT_BUNDLE_IDENTIFIER = Ramotion.GitHubViewerTests;
				PRODUCT_NAME = "$(TARGET_NAME)";
				SWIFT_VERSION = 5.0;
				TARGETED_DEVICE_FAMILY = "1,2";
				TEST_HOST = "$(BUILT_PRODUCTS_DIR)/GitHubViewer.app/GitHubViewer";
			};
			name = Debug;
		};
		377C2166237C06810046D4E8 /* Release */ = {
			isa = XCBuildConfiguration;
			buildSettings = {
				ALWAYS_EMBED_SWIFT_STANDARD_LIBRARIES = YES;
				BUNDLE_LOADER = "$(TEST_HOST)";
				CODE_SIGN_STYLE = Automatic;
				INFOPLIST_FILE = GitHubViewerTests/Info.plist;
				IPHONEOS_DEPLOYMENT_TARGET = 13.2;
				LD_RUNPATH_SEARCH_PATHS = (
					"$(inherited)",
					"@executable_path/Frameworks",
					"@loader_path/Frameworks",
				);
				PRODUCT_BUNDLE_IDENTIFIER = Ramotion.GitHubViewerTests;
				PRODUCT_NAME = "$(TARGET_NAME)";
				SWIFT_VERSION = 5.0;
				TARGETED_DEVICE_FAMILY = "1,2";
				TEST_HOST = "$(BUILT_PRODUCTS_DIR)/GitHubViewer.app/GitHubViewer";
			};
			name = Release;
		};
		377C2168237C06810046D4E8 /* Debug */ = {
			isa = XCBuildConfiguration;
			buildSettings = {
				ALWAYS_EMBED_SWIFT_STANDARD_LIBRARIES = YES;
				CODE_SIGN_STYLE = Automatic;
				INFOPLIST_FILE = GitHubViewerUITests/Info.plist;
				LD_RUNPATH_SEARCH_PATHS = (
					"$(inherited)",
					"@executable_path/Frameworks",
					"@loader_path/Frameworks",
				);
				PRODUCT_BUNDLE_IDENTIFIER = Ramotion.GitHubViewerUITests;
				PRODUCT_NAME = "$(TARGET_NAME)";
				SWIFT_VERSION = 5.0;
				TARGETED_DEVICE_FAMILY = "1,2";
				TEST_TARGET_NAME = GitHubViewer;
			};
			name = Debug;
		};
		377C2169237C06810046D4E8 /* Release */ = {
			isa = XCBuildConfiguration;
			buildSettings = {
				ALWAYS_EMBED_SWIFT_STANDARD_LIBRARIES = YES;
				CODE_SIGN_STYLE = Automatic;
				INFOPLIST_FILE = GitHubViewerUITests/Info.plist;
				LD_RUNPATH_SEARCH_PATHS = (
					"$(inherited)",
					"@executable_path/Frameworks",
					"@loader_path/Frameworks",
				);
				PRODUCT_BUNDLE_IDENTIFIER = Ramotion.GitHubViewerUITests;
				PRODUCT_NAME = "$(TARGET_NAME)";
				SWIFT_VERSION = 5.0;
				TARGETED_DEVICE_FAMILY = "1,2";
				TEST_TARGET_NAME = GitHubViewer;
			};
			name = Release;
		};
/* End XCBuildConfiguration section */

/* Begin XCConfigurationList section */
		377C2132237C06800046D4E8 /* Build configuration list for PBXProject "GitHubViewer" */ = {
			isa = XCConfigurationList;
			buildConfigurations = (
				377C215F237C06810046D4E8 /* Debug */,
				377C2160237C06810046D4E8 /* Release */,
			);
			defaultConfigurationIsVisible = 0;
			defaultConfigurationName = Release;
		};
		377C2161237C06810046D4E8 /* Build configuration list for PBXNativeTarget "GitHubViewer" */ = {
			isa = XCConfigurationList;
			buildConfigurations = (
				377C2162237C06810046D4E8 /* Debug */,
				377C2163237C06810046D4E8 /* Release */,
			);
			defaultConfigurationIsVisible = 0;
			defaultConfigurationName = Release;
		};
		377C2164237C06810046D4E8 /* Build configuration list for PBXNativeTarget "GitHubViewerTests" */ = {
			isa = XCConfigurationList;
			buildConfigurations = (
				377C2165237C06810046D4E8 /* Debug */,
				377C2166237C06810046D4E8 /* Release */,
			);
			defaultConfigurationIsVisible = 0;
			defaultConfigurationName = Release;
		};
		377C2167237C06810046D4E8 /* Build configuration list for PBXNativeTarget "GitHubViewerUITests" */ = {
			isa = XCConfigurationList;
			buildConfigurations = (
				377C2168237C06810046D4E8 /* Debug */,
				377C2169237C06810046D4E8 /* Release */,
			);
			defaultConfigurationIsVisible = 0;
			defaultConfigurationName = Release;
		};
/* End XCConfigurationList section */
	};
	rootObject = 377C212F237C06800046D4E8 /* Project object */;
}
